// !$*UTF8*$!
{
	archiveVersion = 1;
	classes = {
	};
	objectVersion = 77;
	objects = {

/* Begin PBXBuildFile section */
		121A120E2D521A4800E55E90 /* FirebaseAnalytics in Frameworks */ = {isa = PBXBuildFile; productRef = 121A120D2D521A4800E55E90 /* FirebaseAnalytics */; };
		121A12102D521A4800E55E90 /* FirebaseAnalyticsOnDeviceConversion in Frameworks */ = {isa = PBXBuildFile; productRef = 121A120F2D521A4800E55E90 /* FirebaseAnalyticsOnDeviceConversion */; };
		121A12122D521A4800E55E90 /* FirebaseAnalyticsWithoutAdIdSupport in Frameworks */ = {isa = PBXBuildFile; productRef = 121A12112D521A4800E55E90 /* FirebaseAnalyticsWithoutAdIdSupport */; };
		121A12142D521A4800E55E90 /* FirebaseAppCheck in Frameworks */ = {isa = PBXBuildFile; productRef = 121A12132D521A4800E55E90 /* FirebaseAppCheck */; };
		121A12162D521A4800E55E90 /* FirebaseAppDistribution-Beta in Frameworks */ = {isa = PBXBuildFile; productRef = 121A12152D521A4800E55E90 /* FirebaseAppDistribution-Beta */; };
		121A12182D521A9E00E55E90 /* FirebaseAnalytics in Frameworks */ = {isa = PBXBuildFile; productRef = 121A12172D521A9E00E55E90 /* FirebaseAnalytics */; };
		121A121A2D521A9E00E55E90 /* FirebaseFirestore in Frameworks */ = {isa = PBXBuildFile; productRef = 121A12192D521A9E00E55E90 /* FirebaseFirestore */; };
		121A121C2D521A9E00E55E90 /* FirebaseStorage in Frameworks */ = {isa = PBXBuildFile; productRef = 121A121B2D521A9E00E55E90 /* FirebaseStorage */; };
		121A121E2D521AC300E55E90 /* FirebaseAnalytics in Frameworks */ = {isa = PBXBuildFile; productRef = 121A121D2D521AC300E55E90 /* FirebaseAnalytics */; };
		121A12202D521AC300E55E90 /* FirebaseFirestore in Frameworks */ = {isa = PBXBuildFile; productRef = 121A121F2D521AC300E55E90 /* FirebaseFirestore */; };
		121A12222D521AC300E55E90 /* FirebaseStorage in Frameworks */ = {isa = PBXBuildFile; productRef = 121A12212D521AC300E55E90 /* FirebaseStorage */; };
		121A12252D5226D200E55E90 /* FirebaseAnalytics in Frameworks */ = {isa = PBXBuildFile; productRef = 121A12242D5226D200E55E90 /* FirebaseAnalytics */; };
		121A12272D5226D200E55E90 /* FirebaseAuth in Frameworks */ = {isa = PBXBuildFile; productRef = 121A12262D5226D200E55E90 /* FirebaseAuth */; };
		121A12292D5226D200E55E90 /* FirebaseFirestore in Frameworks */ = {isa = PBXBuildFile; productRef = 121A12282D5226D200E55E90 /* FirebaseFirestore */; };
		121A122B2D5226D200E55E90 /* FirebaseStorage in Frameworks */ = {isa = PBXBuildFile; productRef = 121A122A2D5226D200E55E90 /* FirebaseStorage */; };
		12A645242D520D850090714B /* GoogleService-Info.plist in Resources */ = {isa = PBXBuildFile; fileRef = 12A645232D520D850090714B /* GoogleService-Info.plist */; };
		12AED4142D5651AF006D4637 /* FirebaseAnalytics in Frameworks */ = {isa = PBXBuildFile; productRef = 12AED4132D5651AF006D4637 /* FirebaseAnalytics */; };
		12AED4162D5651AF006D4637 /* FirebaseAppCheck in Frameworks */ = {isa = PBXBuildFile; productRef = 12AED4152D5651AF006D4637 /* FirebaseAppCheck */; };
		12AED4182D5651AF006D4637 /* FirebaseAuth in Frameworks */ = {isa = PBXBuildFile; productRef = 12AED4172D5651AF006D4637 /* FirebaseAuth */; };
		12AED41A2D5651AF006D4637 /* FirebaseCrashlytics in Frameworks */ = {isa = PBXBuildFile; productRef = 12AED4192D5651AF006D4637 /* FirebaseCrashlytics */; };
		12AED41C2D5651AF006D4637 /* FirebaseFirestore in Frameworks */ = {isa = PBXBuildFile; productRef = 12AED41B2D5651AF006D4637 /* FirebaseFirestore */; };
		12AED41E2D5651AF006D4637 /* FirebaseStorage in Frameworks */ = {isa = PBXBuildFile; productRef = 12AED41D2D5651AF006D4637 /* FirebaseStorage */; };
		12B4C6362D2E8A7F00353CB5 /* StoreKit.framework in Frameworks */ = {isa = PBXBuildFile; fileRef = 12B4C6352D2E8A7F00353CB5 /* StoreKit.framework */; };
		12BC223E2D9D78E100AAA98E /* FacebookAEM in Frameworks */ = {isa = PBXBuildFile; productRef = 12BC223D2D9D78E100AAA98E /* FacebookAEM */; };
		12BC22402D9D78E100AAA98E /* FacebookBasics in Frameworks */ = {isa = PBXBuildFile; productRef = 12BC223F2D9D78E100AAA98E /* FacebookBasics */; };
		12BC22422D9D78E100AAA98E /* FacebookCore in Frameworks */ = {isa = PBXBuildFile; productRef = 12BC22412D9D78E100AAA98E /* FacebookCore */; };
		12BC22442D9D78E100AAA98E /* FacebookLogin in Frameworks */ = {isa = PBXBuildFile; productRef = 12BC22432D9D78E100AAA98E /* FacebookLogin */; };
		12BC224A2D9D947200AAA98E /* ReceiptParser in Frameworks */ = {isa = PBXBuildFile; productRef = 12BC22492D9D947200AAA98E /* ReceiptParser */; };
		12BC224C2D9D947200AAA98E /* RevenueCat in Frameworks */ = {isa = PBXBuildFile; productRef = 12BC224B2D9D947200AAA98E /* RevenueCat */; };
		12BC224F2D9DB78600AAA98E /* SuperwallKit in Frameworks */ = {isa = PBXBuildFile; productRef = 12BC224E2D9DB78600AAA98E /* SuperwallKit */; };
		24212E0B2D870D6C007AE53F /* Kingfisher in Frameworks */ = {isa = PBXBuildFile; productRef = 24212E0A2D870D6C007AE53F /* Kingfisher */; };
		247FD2C02D529FA0009F6F69 /* FirebaseAnalytics in Frameworks */ = {isa = PBXBuildFile; productRef = 247FD2BF2D529FA0009F6F69 /* FirebaseAnalytics */; };
		247FD2C22D529FA0009F6F69 /* FirebaseAuth in Frameworks */ = {isa = PBXBuildFile; productRef = 247FD2C12D529FA0009F6F69 /* FirebaseAuth */; };
		247FD2C42D529FA0009F6F69 /* FirebaseCore in Frameworks */ = {isa = PBXBuildFile; productRef = 247FD2C32D529FA0009F6F69 /* FirebaseCore */; };
		247FD2C62D529FA0009F6F69 /* FirebaseDatabase in Frameworks */ = {isa = PBXBuildFile; productRef = 247FD2C52D529FA0009F6F69 /* FirebaseDatabase */; };
		247FD2C82D529FA0009F6F69 /* FirebaseFirestore in Frameworks */ = {isa = PBXBuildFile; productRef = 247FD2C72D529FA0009F6F69 /* FirebaseFirestore */; };
		247FD2CA2D529FA0009F6F69 /* FirebaseStorage in Frameworks */ = {isa = PBXBuildFile; productRef = 247FD2C92D529FA0009F6F69 /* FirebaseStorage */; };
		24A379E32D6B68CB00217CC5 /* Connectivity in Frameworks */ = {isa = PBXBuildFile; productRef = 24A379E22D6B68CB00217CC5 /* Connectivity */; };
		24ABFCAF2D319FAD00CBF892 /* Configuration.storekit in Resources */ = {isa = PBXBuildFile; fileRef = 24ABFCAE2D319FAD00CBF892 /* Configuration.storekit */; };
		24CEDFE92D6B64DF00CE9964 /* SwiftMessages in Frameworks */ = {isa = PBXBuildFile; productRef = 24CEDFE82D6B64DF00CE9964 /* SwiftMessages */; };
/* End PBXBuildFile section */

/* Begin PBXFileReference section */
		129934FD2D58ECC600ED825B /* Yoga-Nidra-Info.plist */ = {isa = PBXFileReference; lastKnownFileType = text.plist.xml; path = "Yoga-Nidra-Info.plist"; sourceTree = "<group>"; };
		12A645232D520D850090714B /* GoogleService-Info.plist */ = {isa = PBXFileReference; lastKnownFileType = text.plist.xml; path = "GoogleService-Info.plist"; sourceTree = "<group>"; };
		12B4C6352D2E8A7F00353CB5 /* StoreKit.framework */ = {isa = PBXFileReference; lastKnownFileType = wrapper.framework; name = StoreKit.framework; path = System/Library/Frameworks/StoreKit.framework; sourceTree = SDKROOT; };
		24ABFCAE2D319FAD00CBF892 /* Configuration.storekit */ = {isa = PBXFileReference; lastKnownFileType = text; path = Configuration.storekit; sourceTree = "<group>"; };
		24BD50222D263F7300159E70 /* Yoga Nidra.app */ = {isa = PBXFileReference; explicitFileType = wrapper.application; includeInIndex = 0; path = "Yoga Nidra.app"; sourceTree = BUILT_PRODUCTS_DIR; };
/* End PBXFileReference section */

/* Begin PBXFileSystemSynchronizedRootGroup section */
		24BD50242D263F7300159E70 /* Yoga Nidra */ = {
			isa = PBXFileSystemSynchronizedRootGroup;
			path = "Yoga Nidra";
			sourceTree = "<group>";
		};
/* End PBXFileSystemSynchronizedRootGroup section */

/* Begin PBXFrameworksBuildPhase section */
		24BD501F2D263F7300159E70 /* Frameworks */ = {
			isa = PBXFrameworksBuildPhase;
			buildActionMask = 2147483647;
			files = (
				121A12182D521A9E00E55E90 /* FirebaseAnalytics in Frameworks */,
				24A379E32D6B68CB00217CC5 /* Connectivity in Frameworks */,
				121A120E2D521A4800E55E90 /* FirebaseAnalytics in Frameworks */,
				121A121C2D521A9E00E55E90 /* FirebaseStorage in Frameworks */,
				121A12102D521A4800E55E90 /* FirebaseAnalyticsOnDeviceConversion in Frameworks */,
				12BC22442D9D78E100AAA98E /* FacebookLogin in Frameworks */,
				24CEDFE92D6B64DF00CE9964 /* SwiftMessages in Frameworks */,
				12BC22402D9D78E100AAA98E /* FacebookBasics in Frameworks */,
				12BC22422D9D78E100AAA98E /* FacebookCore in Frameworks */,
				121A12252D5226D200E55E90 /* FirebaseAnalytics in Frameworks */,
				121A122B2D5226D200E55E90 /* FirebaseStorage in Frameworks */,
				247FD2C02D529FA0009F6F69 /* FirebaseAnalytics in Frameworks */,
				247FD2C42D529FA0009F6F69 /* FirebaseCore in Frameworks */,
				121A12272D5226D200E55E90 /* FirebaseAuth in Frameworks */,
				12AED41A2D5651AF006D4637 /* FirebaseCrashlytics in Frameworks */,
				12B4C6362D2E8A7F00353CB5 /* StoreKit.framework in Frameworks */,
				247FD2C62D529FA0009F6F69 /* FirebaseDatabase in Frameworks */,
				12BC224F2D9DB78600AAA98E /* SuperwallKit in Frameworks */,
				12AED4182D5651AF006D4637 /* FirebaseAuth in Frameworks */,
				12BC224A2D9D947200AAA98E /* ReceiptParser in Frameworks */,
				12BC224C2D9D947200AAA98E /* RevenueCat in Frameworks */,
				12AED4142D5651AF006D4637 /* FirebaseAnalytics in Frameworks */,
				12AED41C2D5651AF006D4637 /* FirebaseFirestore in Frameworks */,
				121A12222D521AC300E55E90 /* FirebaseStorage in Frameworks */,
				121A12292D5226D200E55E90 /* FirebaseFirestore in Frameworks */,
				121A12142D521A4800E55E90 /* FirebaseAppCheck in Frameworks */,
				121A121A2D521A9E00E55E90 /* FirebaseFirestore in Frameworks */,
				12AED4162D5651AF006D4637 /* FirebaseAppCheck in Frameworks */,
				247FD2C22D529FA0009F6F69 /* FirebaseAuth in Frameworks */,
				121A12122D521A4800E55E90 /* FirebaseAnalyticsWithoutAdIdSupport in Frameworks */,
				12BC223E2D9D78E100AAA98E /* FacebookAEM in Frameworks */,
				24212E0B2D870D6C007AE53F /* Kingfisher in Frameworks */,
				121A121E2D521AC300E55E90 /* FirebaseAnalytics in Frameworks */,
				121A12202D521AC300E55E90 /* FirebaseFirestore in Frameworks */,
				247FD2CA2D529FA0009F6F69 /* FirebaseStorage in Frameworks */,
				12AED41E2D5651AF006D4637 /* FirebaseStorage in Frameworks */,
				121A12162D521A4800E55E90 /* FirebaseAppDistribution-Beta in Frameworks */,
				247FD2C82D529FA0009F6F69 /* FirebaseFirestore in Frameworks */,
			);
			runOnlyForDeploymentPostprocessing = 0;
		};
/* End PBXFrameworksBuildPhase section */

/* Begin PBXGroup section */
		12B4C6342D2E8A7F00353CB5 /* Frameworks */ = {
			isa = PBXGroup;
			children = (
				12B4C6352D2E8A7F00353CB5 /* StoreKit.framework */,
			);
			name = Frameworks;
			sourceTree = "<group>";
		};
		24BD50192D263F7300159E70 = {
			isa = PBXGroup;
			children = (
				129934FD2D58ECC600ED825B /* Yoga-Nidra-Info.plist */,
				12A645232D520D850090714B /* GoogleService-Info.plist */,
				24ABFCAE2D319FAD00CBF892 /* Configuration.storekit */,
				24BD50242D263F7300159E70 /* Yoga Nidra */,
				12B4C6342D2E8A7F00353CB5 /* Frameworks */,
				24BD50232D263F7300159E70 /* Products */,
			);
			sourceTree = "<group>";
		};
		24BD50232D263F7300159E70 /* Products */ = {
			isa = PBXGroup;
			children = (
				24BD50222D263F7300159E70 /* Yoga Nidra.app */,
			);
			name = Products;
			sourceTree = "<group>";
		};
/* End PBXGroup section */

/* Begin PBXNativeTarget section */
		24BD50212D263F7300159E70 /* Yoga Nidra */ = {
			isa = PBXNativeTarget;
			buildConfigurationList = 24BD50302D263F7400159E70 /* Build configuration list for PBXNativeTarget "Yoga Nidra" */;
			buildPhases = (
				24BD501E2D263F7300159E70 /* Sources */,
				24BD501F2D263F7300159E70 /* Frameworks */,
				24BD50202D263F7300159E70 /* Resources */,
			);
			buildRules = (
			);
			dependencies = (
			);
			fileSystemSynchronizedGroups = (
				24BD50242D263F7300159E70 /* Yoga Nidra */,
			);
			name = "Yoga Nidra";
			productName = "Yoga Nidra";
			productReference = 24BD50222D263F7300159E70 /* Yoga Nidra.app */;
			productType = "com.apple.product-type.application";
		};
/* End PBXNativeTarget section */

/* Begin PBXProject section */
		24BD501A2D263F7300159E70 /* Project object */ = {
			isa = PBXProject;
			attributes = {
				BuildIndependentTargetsInParallel = 1;
				LastSwiftUpdateCheck = 1620;
				LastUpgradeCheck = 1620;
				TargetAttributes = {
					24BD50212D263F7300159E70 = {
						CreatedOnToolsVersion = 16.2;
					};
				};
			};
			buildConfigurationList = 24BD501D2D263F7300159E70 /* Build configuration list for PBXProject "Yoga Nidra" */;
			developmentRegion = en;
			hasScannedForEncodings = 0;
			knownRegions = (
				en,
				Base,
			);
			mainGroup = 24BD50192D263F7300159E70;
			minimizedProjectReferenceProxies = 1;
			packageReferences = (
				247FD2BE2D529FA0009F6F69 /* XCRemoteSwiftPackageReference "firebase-ios-sdk" */,
				24CEDFE72D6B64DF00CE9964 /* XCRemoteSwiftPackageReference "SwiftMessages" */,
				24A379E12D6B68CB00217CC5 /* XCRemoteSwiftPackageReference "Connectivity" */,
				24212E092D870D6C007AE53F /* XCRemoteSwiftPackageReference "Kingfisher" */,
				12BC20FD2D96AF4400AAA98E /* XCRemoteSwiftPackageReference "purchases-ios-spm" */,
				12BC223C2D9D78E100AAA98E /* XCRemoteSwiftPackageReference "facebook-ios-sdk" */,
				12BC224D2D9DB78600AAA98E /* XCRemoteSwiftPackageReference "Superwall-iOS" */,
			);
			preferredProjectObjectVersion = 77;
			productRefGroup = 24BD50232D263F7300159E70 /* Products */;
			projectDirPath = "";
			projectRoot = "";
			targets = (
				24BD50212D263F7300159E70 /* Yoga Nidra */,
			);
		};
/* End PBXProject section */

/* Begin PBXResourcesBuildPhase section */
		24BD50202D263F7300159E70 /* Resources */ = {
			isa = PBXResourcesBuildPhase;
			buildActionMask = 2147483647;
			files = (
				24ABFCAF2D319FAD00CBF892 /* Configuration.storekit in Resources */,
				12A645242D520D850090714B /* GoogleService-Info.plist in Resources */,
			);
			runOnlyForDeploymentPostprocessing = 0;
		};
/* End PBXResourcesBuildPhase section */

/* Begin PBXSourcesBuildPhase section */
		24BD501E2D263F7300159E70 /* Sources */ = {
			isa = PBXSourcesBuildPhase;
			buildActionMask = 2147483647;
			files = (
			);
			runOnlyForDeploymentPostprocessing = 0;
		};
/* End PBXSourcesBuildPhase section */

/* Begin XCBuildConfiguration section */
		24BD502E2D263F7400159E70 /* Debug */ = {
			isa = XCBuildConfiguration;
			buildSettings = {
				ALWAYS_SEARCH_USER_PATHS = NO;
				ASSETCATALOG_COMPILER_GENERATE_SWIFT_ASSET_SYMBOL_EXTENSIONS = YES;
				CLANG_ANALYZER_NONNULL = YES;
				CLANG_ANALYZER_NUMBER_OBJECT_CONVERSION = YES_AGGRESSIVE;
				CLANG_CXX_LANGUAGE_STANDARD = "gnu++20";
				CLANG_ENABLE_MODULES = YES;
				CLANG_ENABLE_OBJC_ARC = YES;
				CLANG_ENABLE_OBJC_WEAK = YES;
				CLANG_WARN_BLOCK_CAPTURE_AUTORELEASING = YES;
				CLANG_WARN_BOOL_CONVERSION = YES;
				CLANG_WARN_COMMA = YES;
				CLANG_WARN_CONSTANT_CONVERSION = YES;
				CLANG_WARN_DEPRECATED_OBJC_IMPLEMENTATIONS = YES;
				CLANG_WARN_DIRECT_OBJC_ISA_USAGE = YES_ERROR;
				CLANG_WARN_DOCUMENTATION_COMMENTS = YES;
				CLANG_WARN_EMPTY_BODY = YES;
				CLANG_WARN_ENUM_CONVERSION = YES;
				CLANG_WARN_INFINITE_RECURSION = YES;
				CLANG_WARN_INT_CONVERSION = YES;
				CLANG_WARN_NON_LITERAL_NULL_CONVERSION = YES;
				CLANG_WARN_OBJC_IMPLICIT_RETAIN_SELF = YES;
				CLANG_WARN_OBJC_LITERAL_CONVERSION = YES;
				CLANG_WARN_OBJC_ROOT_CLASS = YES_ERROR;
				CLANG_WARN_QUOTED_INCLUDE_IN_FRAMEWORK_HEADER = YES;
				CLANG_WARN_RANGE_LOOP_ANALYSIS = YES;
				CLANG_WARN_STRICT_PROTOTYPES = YES;
				CLANG_WARN_SUSPICIOUS_MOVE = YES;
				CLANG_WARN_UNGUARDED_AVAILABILITY = YES_AGGRESSIVE;
				CLANG_WARN_UNREACHABLE_CODE = YES;
				CLANG_WARN__DUPLICATE_METHOD_MATCH = YES;
				COPY_PHASE_STRIP = NO;
				DEBUG_INFORMATION_FORMAT = dwarf;
				ENABLE_STRICT_OBJC_MSGSEND = YES;
				ENABLE_TESTABILITY = YES;
				ENABLE_USER_SCRIPT_SANDBOXING = YES;
				GCC_C_LANGUAGE_STANDARD = gnu17;
				GCC_DYNAMIC_NO_PIC = NO;
				GCC_NO_COMMON_BLOCKS = YES;
				GCC_OPTIMIZATION_LEVEL = 0;
				GCC_PREPROCESSOR_DEFINITIONS = (
					"DEBUG=1",
					"$(inherited)",
				);
				GCC_WARN_64_TO_32_BIT_CONVERSION = YES;
				GCC_WARN_ABOUT_RETURN_TYPE = YES_ERROR;
				GCC_WARN_UNDECLARED_SELECTOR = YES;
				GCC_WARN_UNINITIALIZED_AUTOS = YES_AGGRESSIVE;
				GCC_WARN_UNUSED_FUNCTION = YES;
				GCC_WARN_UNUSED_VARIABLE = YES;
				IPHONEOS_DEPLOYMENT_TARGET = 18.1.1;
				LOCALIZATION_PREFERS_STRING_CATALOGS = YES;
				MTL_ENABLE_DEBUG_INFO = INCLUDE_SOURCE;
				MTL_FAST_MATH = YES;
				ONLY_ACTIVE_ARCH = YES;
				SDKROOT = iphoneos;
				SWIFT_ACTIVE_COMPILATION_CONDITIONS = "DEBUG $(inherited)";
				SWIFT_OPTIMIZATION_LEVEL = "-Onone";
			};
			name = Debug;
		};
		24BD502F2D263F7400159E70 /* Release */ = {
			isa = XCBuildConfiguration;
			buildSettings = {
				ALWAYS_SEARCH_USER_PATHS = NO;
				ASSETCATALOG_COMPILER_GENERATE_SWIFT_ASSET_SYMBOL_EXTENSIONS = YES;
				CLANG_ANALYZER_NONNULL = YES;
				CLANG_ANALYZER_NUMBER_OBJECT_CONVERSION = YES_AGGRESSIVE;
				CLANG_CXX_LANGUAGE_STANDARD = "gnu++20";
				CLANG_ENABLE_MODULES = YES;
				CLANG_ENABLE_OBJC_ARC = YES;
				CLANG_ENABLE_OBJC_WEAK = YES;
				CLANG_WARN_BLOCK_CAPTURE_AUTORELEASING = YES;
				CLANG_WARN_BOOL_CONVERSION = YES;
				CLANG_WARN_COMMA = YES;
				CLANG_WARN_CONSTANT_CONVERSION = YES;
				CLANG_WARN_DEPRECATED_OBJC_IMPLEMENTATIONS = YES;
				CLANG_WARN_DIRECT_OBJC_ISA_USAGE = YES_ERROR;
				CLANG_WARN_DOCUMENTATION_COMMENTS = YES;
				CLANG_WARN_EMPTY_BODY = YES;
				CLANG_WARN_ENUM_CONVERSION = YES;
				CLANG_WARN_INFINITE_RECURSION = YES;
				CLANG_WARN_INT_CONVERSION = YES;
				CLANG_WARN_NON_LITERAL_NULL_CONVERSION = YES;
				CLANG_WARN_OBJC_IMPLICIT_RETAIN_SELF = YES;
				CLANG_WARN_OBJC_LITERAL_CONVERSION = YES;
				CLANG_WARN_OBJC_ROOT_CLASS = YES_ERROR;
				CLANG_WARN_QUOTED_INCLUDE_IN_FRAMEWORK_HEADER = YES;
				CLANG_WARN_RANGE_LOOP_ANALYSIS = YES;
				CLANG_WARN_STRICT_PROTOTYPES = YES;
				CLANG_WARN_SUSPICIOUS_MOVE = YES;
				CLANG_WARN_UNGUARDED_AVAILABILITY = YES_AGGRESSIVE;
				CLANG_WARN_UNREACHABLE_CODE = YES;
				CLANG_WARN__DUPLICATE_METHOD_MATCH = YES;
				COPY_PHASE_STRIP = NO;
				DEBUG_INFORMATION_FORMAT = "dwarf-with-dsym";
				ENABLE_NS_ASSERTIONS = NO;
				ENABLE_STRICT_OBJC_MSGSEND = YES;
				ENABLE_USER_SCRIPT_SANDBOXING = YES;
				GCC_C_LANGUAGE_STANDARD = gnu17;
				GCC_NO_COMMON_BLOCKS = YES;
				GCC_WARN_64_TO_32_BIT_CONVERSION = YES;
				GCC_WARN_ABOUT_RETURN_TYPE = YES_ERROR;
				GCC_WARN_UNDECLARED_SELECTOR = YES;
				GCC_WARN_UNINITIALIZED_AUTOS = YES_AGGRESSIVE;
				GCC_WARN_UNUSED_FUNCTION = YES;
				GCC_WARN_UNUSED_VARIABLE = YES;
				IPHONEOS_DEPLOYMENT_TARGET = 18.1.1;
				LOCALIZATION_PREFERS_STRING_CATALOGS = YES;
				MTL_ENABLE_DEBUG_INFO = NO;
				MTL_FAST_MATH = YES;
				SDKROOT = iphoneos;
				SWIFT_COMPILATION_MODE = wholemodule;
				VALIDATE_PRODUCT = YES;
			};
			name = Release;
		};
		24BD50312D263F7400159E70 /* Debug */ = {
			isa = XCBuildConfiguration;
			buildSettings = {
				ASSETCATALOG_COMPILER_APPICON_NAME = AppIcon;
				ASSETCATALOG_COMPILER_GLOBAL_ACCENT_COLOR_NAME = AccentColor;
				CODE_SIGN_ENTITLEMENTS = "Yoga Nidra/Yoga Nidra.entitlements";
				CODE_SIGN_IDENTITY = "Apple Development";
				CODE_SIGN_STYLE = Automatic;
				CURRENT_PROJECT_VERSION = 1;
				DEVELOPMENT_ASSET_PATHS = "\"Yoga Nidra/Preview Content\"";
				DEVELOPMENT_TEAM = 56PU6YD8LM;
				ENABLE_PREVIEWS = YES;
				GENERATE_INFOPLIST_FILE = YES;
				INFOPLIST_FILE = "Yoga-Nidra-Info.plist";
				INFOPLIST_KEY_CFBundleDisplayName = "";
				INFOPLIST_KEY_LSApplicationCategoryType = "";
				INFOPLIST_KEY_LSSupportsOpeningDocumentsInPlace = YES;
				INFOPLIST_KEY_NSAppleMusicUsageDescription = "Allow access to play meditation audio in the background";
				INFOPLIST_KEY_NSHumanReadableCopyright = "";
				INFOPLIST_KEY_UIApplicationSceneManifest_Generation = YES;
				INFOPLIST_KEY_UIApplicationSupportsIndirectInputEvents = YES;
				INFOPLIST_KEY_UILaunchScreen_Generation = YES;
				INFOPLIST_KEY_UISupportedInterfaceOrientations = UIInterfaceOrientationPortrait;
				INFOPLIST_KEY_UISupportedInterfaceOrientations_iPad = "UIInterfaceOrientationLandscapeLeft UIInterfaceOrientationLandscapeRight UIInterfaceOrientationPortrait UIInterfaceOrientationPortraitUpsideDown";
				IPHONEOS_DEPLOYMENT_TARGET = 17.0;
				LD_RUNPATH_SEARCH_PATHS = (
					"$(inherited)",
					"@executable_path/Frameworks",
				);
				MARKETING_VERSION = 2.5;
				PRODUCT_BUNDLE_IDENTIFIER = com.rocketship.YogaNidraSleepDeeply;
				PRODUCT_NAME = "$(TARGET_NAME)";
				PROVISIONING_PROFILE_SPECIFIER = "";
				SUPPORTED_PLATFORMS = "iphoneos iphonesimulator";
				SUPPORTS_MACCATALYST = NO;
				SUPPORTS_MAC_DESIGNED_FOR_IPHONE_IPAD = NO;
				SUPPORTS_XR_DESIGNED_FOR_IPHONE_IPAD = NO;
				SWIFT_EMIT_LOC_STRINGS = YES;
				SWIFT_VERSION = 5.0;
				TARGETED_DEVICE_FAMILY = 1;
			};
			name = Debug;
		};
		24BD50322D263F7400159E70 /* Release */ = {
			isa = XCBuildConfiguration;
			buildSettings = {
				ASSETCATALOG_COMPILER_APPICON_NAME = AppIcon;
				ASSETCATALOG_COMPILER_GLOBAL_ACCENT_COLOR_NAME = AccentColor;
				CODE_SIGN_ENTITLEMENTS = "Yoga Nidra/Yoga Nidra.entitlements";
				CODE_SIGN_IDENTITY = "Apple Development";
				CODE_SIGN_STYLE = Automatic;
				CURRENT_PROJECT_VERSION = 1;
				DEVELOPMENT_ASSET_PATHS = "\"Yoga Nidra/Preview Content\"";
				DEVELOPMENT_TEAM = 56PU6YD8LM;
				ENABLE_PREVIEWS = YES;
				GENERATE_INFOPLIST_FILE = YES;
				INFOPLIST_FILE = "Yoga-Nidra-Info.plist";
				INFOPLIST_KEY_CFBundleDisplayName = "";
				INFOPLIST_KEY_LSApplicationCategoryType = "";
				INFOPLIST_KEY_LSSupportsOpeningDocumentsInPlace = YES;
				INFOPLIST_KEY_NSAppleMusicUsageDescription = "Allow access to play meditation audio in the background";
				INFOPLIST_KEY_NSHumanReadableCopyright = "";
				INFOPLIST_KEY_UIApplicationSceneManifest_Generation = YES;
				INFOPLIST_KEY_UIApplicationSupportsIndirectInputEvents = YES;
				INFOPLIST_KEY_UILaunchScreen_Generation = YES;
				INFOPLIST_KEY_UISupportedInterfaceOrientations = UIInterfaceOrientationPortrait;
				INFOPLIST_KEY_UISupportedInterfaceOrientations_iPad = "UIInterfaceOrientationLandscapeLeft UIInterfaceOrientationLandscapeRight UIInterfaceOrientationPortrait UIInterfaceOrientationPortraitUpsideDown";
				IPHONEOS_DEPLOYMENT_TARGET = 17.0;
				LD_RUNPATH_SEARCH_PATHS = (
					"$(inherited)",
					"@executable_path/Frameworks",
				);
				MARKETING_VERSION = 2.5;
				PRODUCT_BUNDLE_IDENTIFIER = com.rocketship.YogaNidraSleepDeeply;
				PRODUCT_NAME = "$(TARGET_NAME)";
				PROVISIONING_PROFILE_SPECIFIER = "";
				SUPPORTED_PLATFORMS = "iphoneos iphonesimulator";
				SUPPORTS_MACCATALYST = NO;
				SUPPORTS_MAC_DESIGNED_FOR_IPHONE_IPAD = NO;
				SUPPORTS_XR_DESIGNED_FOR_IPHONE_IPAD = NO;
				SWIFT_EMIT_LOC_STRINGS = YES;
				SWIFT_VERSION = 5.0;
				TARGETED_DEVICE_FAMILY = 1;
			};
			name = Release;
		};
/* End XCBuildConfiguration section */

/* Begin XCConfigurationList section */
		24BD501D2D263F7300159E70 /* Build configuration list for PBXProject "Yoga Nidra" */ = {
			isa = XCConfigurationList;
			buildConfigurations = (
				24BD502E2D263F7400159E70 /* Debug */,
				24BD502F2D263F7400159E70 /* Release */,
			);
			defaultConfigurationIsVisible = 0;
			defaultConfigurationName = Release;
		};
		24BD50302D263F7400159E70 /* Build configuration list for PBXNativeTarget "Yoga Nidra" */ = {
			isa = XCConfigurationList;
			buildConfigurations = (
				24BD50312D263F7400159E70 /* Debug */,
				24BD50322D263F7400159E70 /* Release */,
			);
			defaultConfigurationIsVisible = 0;
			defaultConfigurationName = Release;
		};
/* End XCConfigurationList section */

/* Begin XCRemoteSwiftPackageReference section */
		121A120C2D521A4800E55E90 /* XCRemoteSwiftPackageReference "firebase-ios-sdk" */ = {
			isa = XCRemoteSwiftPackageReference;
			repositoryURL = "https://github.com/firebase/firebase-ios-sdk.git";
			requirement = {
				kind = upToNextMajorVersion;
				minimumVersion = 11.8.0;
			};
		};
		12BC20FD2D96AF4400AAA98E /* XCRemoteSwiftPackageReference "purchases-ios-spm" */ = {
			isa = XCRemoteSwiftPackageReference;
			repositoryURL = "https://github.com/RevenueCat/purchases-ios-spm.git";
			requirement = {
				kind = upToNextMajorVersion;
				minimumVersion = 5.0.0;
			};
		};
		12BC223C2D9D78E100AAA98E /* XCRemoteSwiftPackageReference "facebook-ios-sdk" */ = {
			isa = XCRemoteSwiftPackageReference;
			repositoryURL = "https://github.com/facebook/facebook-ios-sdk";
			requirement = {
				kind = upToNextMajorVersion;
				minimumVersion = 14.1.0;
			};
		};
		12BC224D2D9DB78600AAA98E /* XCRemoteSwiftPackageReference "Superwall-iOS" */ = {
			isa = XCRemoteSwiftPackageReference;
			repositoryURL = "https://github.com/superwall/Superwall-iOS";
			requirement = {
				kind = upToNextMajorVersion;
				minimumVersion = 4.0.5;
			};
		};
		24212E092D870D6C007AE53F /* XCRemoteSwiftPackageReference "Kingfisher" */ = {
			isa = XCRemoteSwiftPackageReference;
			repositoryURL = "https://github.com/onevcat/Kingfisher";
			requirement = {
				kind = exactVersion;
				version = 8.3.1;
			};
		};
		247FD2BE2D529FA0009F6F69 /* XCRemoteSwiftPackageReference "firebase-ios-sdk" */ = {
			isa = XCRemoteSwiftPackageReference;
			repositoryURL = "https://github.com/firebase/firebase-ios-sdk.git";
			requirement = {
				kind = exactVersion;
				version = 11.8.0;
			};
		};
		24A379E12D6B68CB00217CC5 /* XCRemoteSwiftPackageReference "Connectivity" */ = {
			isa = XCRemoteSwiftPackageReference;
			repositoryURL = "https://github.com/rwbutler/Connectivity";
			requirement = {
				kind = exactVersion;
				version = 8.0.1;
			};
		};
		24CEDFE72D6B64DF00CE9964 /* XCRemoteSwiftPackageReference "SwiftMessages" */ = {
			isa = XCRemoteSwiftPackageReference;
			repositoryURL = "https://github.com/SwiftKickMobile/SwiftMessages.git";
			requirement = {
				kind = exactVersion;
				version = 10.0.1;
			};
		};
/* End XCRemoteSwiftPackageReference section */

/* Begin XCSwiftPackageProductDependency section */
		121A120D2D521A4800E55E90 /* FirebaseAnalytics */ = {
			isa = XCSwiftPackageProductDependency;
			package = 121A120C2D521A4800E55E90 /* XCRemoteSwiftPackageReference "firebase-ios-sdk" */;
			productName = FirebaseAnalytics;
		};
		121A120F2D521A4800E55E90 /* FirebaseAnalyticsOnDeviceConversion */ = {
			isa = XCSwiftPackageProductDependency;
			package = 121A120C2D521A4800E55E90 /* XCRemoteSwiftPackageReference "firebase-ios-sdk" */;
			productName = FirebaseAnalyticsOnDeviceConversion;
		};
		121A12112D521A4800E55E90 /* FirebaseAnalyticsWithoutAdIdSupport */ = {
			isa = XCSwiftPackageProductDependency;
			package = 121A120C2D521A4800E55E90 /* XCRemoteSwiftPackageReference "firebase-ios-sdk" */;
			productName = FirebaseAnalyticsWithoutAdIdSupport;
		};
		121A12132D521A4800E55E90 /* FirebaseAppCheck */ = {
			isa = XCSwiftPackageProductDependency;
			package = 121A120C2D521A4800E55E90 /* XCRemoteSwiftPackageReference "firebase-ios-sdk" */;
			productName = FirebaseAppCheck;
		};
		121A12152D521A4800E55E90 /* FirebaseAppDistribution-Beta */ = {
			isa = XCSwiftPackageProductDependency;
			package = 121A120C2D521A4800E55E90 /* XCRemoteSwiftPackageReference "firebase-ios-sdk" */;
			productName = "FirebaseAppDistribution-Beta";
		};
		121A12172D521A9E00E55E90 /* FirebaseAnalytics */ = {
			isa = XCSwiftPackageProductDependency;
			package = 121A120C2D521A4800E55E90 /* XCRemoteSwiftPackageReference "firebase-ios-sdk" */;
			productName = FirebaseAnalytics;
		};
		121A12192D521A9E00E55E90 /* FirebaseFirestore */ = {
			isa = XCSwiftPackageProductDependency;
			package = 121A120C2D521A4800E55E90 /* XCRemoteSwiftPackageReference "firebase-ios-sdk" */;
			productName = FirebaseFirestore;
		};
		121A121B2D521A9E00E55E90 /* FirebaseStorage */ = {
			isa = XCSwiftPackageProductDependency;
			package = 121A120C2D521A4800E55E90 /* XCRemoteSwiftPackageReference "firebase-ios-sdk" */;
			productName = FirebaseStorage;
		};
		121A121D2D521AC300E55E90 /* FirebaseAnalytics */ = {
			isa = XCSwiftPackageProductDependency;
			package = 121A120C2D521A4800E55E90 /* XCRemoteSwiftPackageReference "firebase-ios-sdk" */;
			productName = FirebaseAnalytics;
		};
		121A121F2D521AC300E55E90 /* FirebaseFirestore */ = {
			isa = XCSwiftPackageProductDependency;
			package = 121A120C2D521A4800E55E90 /* XCRemoteSwiftPackageReference "firebase-ios-sdk" */;
			productName = FirebaseFirestore;
		};
		121A12212D521AC300E55E90 /* FirebaseStorage */ = {
			isa = XCSwiftPackageProductDependency;
			package = 121A120C2D521A4800E55E90 /* XCRemoteSwiftPackageReference "firebase-ios-sdk" */;
			productName = FirebaseStorage;
		};
		121A12242D5226D200E55E90 /* FirebaseAnalytics */ = {
			isa = XCSwiftPackageProductDependency;
			package = 121A120C2D521A4800E55E90 /* XCRemoteSwiftPackageReference "firebase-ios-sdk" */;
			productName = FirebaseAnalytics;
		};
		121A12262D5226D200E55E90 /* FirebaseAuth */ = {
			isa = XCSwiftPackageProductDependency;
			package = 121A120C2D521A4800E55E90 /* XCRemoteSwiftPackageReference "firebase-ios-sdk" */;
			productName = FirebaseAuth;
		};
		121A12282D5226D200E55E90 /* FirebaseFirestore */ = {
			isa = XCSwiftPackageProductDependency;
			package = 121A120C2D521A4800E55E90 /* XCRemoteSwiftPackageReference "firebase-ios-sdk" */;
			productName = FirebaseFirestore;
		};
		121A122A2D5226D200E55E90 /* FirebaseStorage */ = {
			isa = XCSwiftPackageProductDependency;
			package = 121A120C2D521A4800E55E90 /* XCRemoteSwiftPackageReference "firebase-ios-sdk" */;
			productName = FirebaseStorage;
		};
		12AED4132D5651AF006D4637 /* FirebaseAnalytics */ = {
			isa = XCSwiftPackageProductDependency;
			package = 247FD2BE2D529FA0009F6F69 /* XCRemoteSwiftPackageReference "firebase-ios-sdk" */;
			productName = FirebaseAnalytics;
		};
		12AED4152D5651AF006D4637 /* FirebaseAppCheck */ = {
			isa = XCSwiftPackageProductDependency;
			package = 247FD2BE2D529FA0009F6F69 /* XCRemoteSwiftPackageReference "firebase-ios-sdk" */;
			productName = FirebaseAppCheck;
		};
		12AED4172D5651AF006D4637 /* FirebaseAuth */ = {
			isa = XCSwiftPackageProductDependency;
			package = 247FD2BE2D529FA0009F6F69 /* XCRemoteSwiftPackageReference "firebase-ios-sdk" */;
			productName = FirebaseAuth;
		};
		12AED4192D5651AF006D4637 /* FirebaseCrashlytics */ = {
			isa = XCSwiftPackageProductDependency;
			package = 247FD2BE2D529FA0009F6F69 /* XCRemoteSwiftPackageReference "firebase-ios-sdk" */;
			productName = FirebaseCrashlytics;
		};
		12AED41B2D5651AF006D4637 /* FirebaseFirestore */ = {
			isa = XCSwiftPackageProductDependency;
			package = 247FD2BE2D529FA0009F6F69 /* XCRemoteSwiftPackageReference "firebase-ios-sdk" */;
			productName = FirebaseFirestore;
		};
		12AED41D2D5651AF006D4637 /* FirebaseStorage */ = {
			isa = XCSwiftPackageProductDependency;
			package = 247FD2BE2D529FA0009F6F69 /* XCRemoteSwiftPackageReference "firebase-ios-sdk" */;
			productName = FirebaseStorage;
		};
		12BC223D2D9D78E100AAA98E /* FacebookAEM */ = {
			isa = XCSwiftPackageProductDependency;
			package = 12BC223C2D9D78E100AAA98E /* XCRemoteSwiftPackageReference "facebook-ios-sdk" */;
			productName = FacebookAEM;
		};
		12BC223F2D9D78E100AAA98E /* FacebookBasics */ = {
			isa = XCSwiftPackageProductDependency;
			package = 12BC223C2D9D78E100AAA98E /* XCRemoteSwiftPackageReference "facebook-ios-sdk" */;
			productName = FacebookBasics;
		};
		12BC22412D9D78E100AAA98E /* FacebookCore */ = {
			isa = XCSwiftPackageProductDependency;
			package = 12BC223C2D9D78E100AAA98E /* XCRemoteSwiftPackageReference "facebook-ios-sdk" */;
			productName = FacebookCore;
		};
		12BC22432D9D78E100AAA98E /* FacebookLogin */ = {
			isa = XCSwiftPackageProductDependency;
			package = 12BC223C2D9D78E100AAA98E /* XCRemoteSwiftPackageReference "facebook-ios-sdk" */;
			productName = FacebookLogin;
		};
		12BC22492D9D947200AAA98E /* ReceiptParser */ = {
			isa = XCSwiftPackageProductDependency;
			package = 12BC20FD2D96AF4400AAA98E /* XCRemoteSwiftPackageReference "purchases-ios-spm" */;
			productName = ReceiptParser;
		};
		12BC224B2D9D947200AAA98E /* RevenueCat */ = {
			isa = XCSwiftPackageProductDependency;
			package = 12BC20FD2D96AF4400AAA98E /* XCRemoteSwiftPackageReference "purchases-ios-spm" */;
			productName = RevenueCat;
		};
		12BC224E2D9DB78600AAA98E /* SuperwallKit */ = {
			isa = XCSwiftPackageProductDependency;
			package = 12BC224D2D9DB78600AAA98E /* XCRemoteSwiftPackageReference "Superwall-iOS" */;
			productName = SuperwallKit;
		};
		24212E0A2D870D6C007AE53F /* Kingfisher */ = {
			isa = XCSwiftPackageProductDependency;
			package = 24212E092D870D6C007AE53F /* XCRemoteSwiftPackageReference "Kingfisher" */;
			productName = Kingfisher;
		};
		247FD2BF2D529FA0009F6F69 /* FirebaseAnalytics */ = {
			isa = XCSwiftPackageProductDependency;
			package = 247FD2BE2D529FA0009F6F69 /* XCRemoteSwiftPackageReference "firebase-ios-sdk" */;
			productName = FirebaseAnalytics;
		};
		247FD2C12D529FA0009F6F69 /* FirebaseAuth */ = {
			isa = XCSwiftPackageProductDependency;
			package = 247FD2BE2D529FA0009F6F69 /* XCRemoteSwiftPackageReference "firebase-ios-sdk" */;
			productName = FirebaseAuth;
		};
		247FD2C32D529FA0009F6F69 /* FirebaseCore */ = {
			isa = XCSwiftPackageProductDependency;
			package = 247FD2BE2D529FA0009F6F69 /* XCRemoteSwiftPackageReference "firebase-ios-sdk" */;
			productName = FirebaseCore;
		};
		247FD2C52D529FA0009F6F69 /* FirebaseDatabase */ = {
			isa = XCSwiftPackageProductDependency;
			package = 247FD2BE2D529FA0009F6F69 /* XCRemoteSwiftPackageReference "firebase-ios-sdk" */;
			productName = FirebaseDatabase;
		};
		247FD2C72D529FA0009F6F69 /* FirebaseFirestore */ = {
			isa = XCSwiftPackageProductDependency;
			package = 247FD2BE2D529FA0009F6F69 /* XCRemoteSwiftPackageReference "firebase-ios-sdk" */;
			productName = FirebaseFirestore;
		};
		247FD2C92D529FA0009F6F69 /* FirebaseStorage */ = {
			isa = XCSwiftPackageProductDependency;
			package = 247FD2BE2D529FA0009F6F69 /* XCRemoteSwiftPackageReference "firebase-ios-sdk" */;
			productName = FirebaseStorage;
		};
		24A379E22D6B68CB00217CC5 /* Connectivity */ = {
			isa = XCSwiftPackageProductDependency;
			package = 24A379E12D6B68CB00217CC5 /* XCRemoteSwiftPackageReference "Connectivity" */;
			productName = Connectivity;
		};
		24CEDFE82D6B64DF00CE9964 /* SwiftMessages */ = {
			isa = XCSwiftPackageProductDependency;
			package = 24CEDFE72D6B64DF00CE9964 /* XCRemoteSwiftPackageReference "SwiftMessages" */;
			productName = SwiftMessages;
		};
/* End XCSwiftPackageProductDependency section */
	};
	rootObject = 24BD501A2D263F7300159E70 /* Project object */;
}
